{
  "name": "miniprogram-ts-less-quickstart",
  "version": "1.0.0",
  "lockfileVersion": 1,
  "requires": true,
  "dependencies": {
    "miniprogram-api-typings": {
      "version": "2.12.0",
      "resolved": "https://registry.npmmirror.com/miniprogram-api-typings/-/miniprogram-api-typings-2.12.0.tgz",
      "integrity": "sha512-ibvbqeslVFur0IAvTxLMvsbtvVcMo6gwvOnj0YZHV7aeDLu091VQRrETT2QuiG9P6aZWRcxeNGJChRKVPCp9VQ==",
      "dev": true
    },
    "rfdc": {
      "version": "1.3.0",
      "resolved": "https://registry.npmmirror.com/rfdc/-/rfdc-1.3.0.tgz",
      "integrity": "sha512-V2hovdzFbOi77/WajaSMXk2OLm+xNIeQdMMuB7icj7bk6zi2F8GGAxigcnDFpJHbNyNcgyJDiP+8nOrY5cZGrA=="
    },
    "rxjs": {
      "version": "7.8.1",
      "resolved": "https://registry.npmmirror.com/rxjs/-/rxjs-7.8.1.tgz",
      "integrity": "sha512-AA3TVj+0A2iuIoQkWEK/tqFjBq2j+6PO6Y0zJcvzLAFhEFIO3HL0vls9hWLncZbAAbK0mar7oZ4V079I/qPMxg==",
      "requires": {
        "tslib": "^2.1.0"
      }
    },
    "tslib": {
      "version": "2.5.3",
      "resolved": "https://registry.npmmirror.com/tslib/-/tslib-2.5.3.tgz",
      "integrity": "sha512-mSxlJJwl3BMEQCUNnxXBU9jP4JBktcEGhURcPR6VQVlnP0FdDEsIaz0C35dXNGLyRfrATNofF0F5p2KPxQgB+w=="
    },
    "westore": {
      "version": "0.1.11",
      "resolved": "https://registry.npmmirror.com/westore/-/westore-0.1.11.tgz",
      "integrity": "sha512-PRHR5nPh3VKZlsBpWWAAiOaB2QX6KoNutPYgi5d0Vq8mAAhbQmePHGp8D87HrBnj29D/PsPvwEfloAkAfFuXFQ==",
      "requires": {
        "rfdc": "^1.3.0"
      }
    }
  }
}
